schema: '2.0'
stages:
  load_data:
    cmd: python src/stage_01_load_save.py --config=config/config.yaml
    deps:
    - path: config/config.yaml
      md5: 1e816fda334395b1e31f3466b1c424ad
      size: 456
    - path: src/stage_01_load_save.py
      md5: 8d1f797f53ce585080c5f8d71105baa5
      size: 1677
    - path: src/utils/all_utils.py
      md5: 0fe9bcc4134f62977696fcc10a5dd5a5
      size: 966
    outs:
    - path: data
      md5: a52ad4b30715598bfd754e3e9c51ef2c.dir
      size: 37934943
      nfiles: 277
